
Microsoft Visual Studio Solution File, Format Version 12.00
# Visual Studio Version 17
VisualStudioVersion = 17.3.32825.248
MinimumVisualStudioVersion = 10.0.40219.1
Project("{FAE04EC0-301F-11D3-BF4B-00C04F79EFBC}") = "Shtirlitz", "Shtirlitz\Shtirlitz.csproj", "{D019511A-E39B-480D-8347-A0524475A3E8}"
EndProject
Global
	GlobalSection(SolutionConfigurationPlatforms) = preSolution
		Debug|Any CPU = Debug|Any CPU
		Release|Any CPU = Release|Any CPU
	EndGlobalSection
	GlobalSection(ProjectConfigurationPlatforms) = postSolution
		{D019511A-E39B-480D-8347-A0524475A3E8}.Debug|Any CPU.ActiveCfg = Debug|Any CPU
		{D019511A-E39B-480D-8347-A0524475A3E8}.Debug|Any CPU.Build.0 = Debug|Any CPU
		{D019511A-E39B-480D-8347-A0524475A3E8}.Release|Any CPU.ActiveCfg = Release|Any CPU
		{D019511A-E39B-480D-8347-A0524475A3E8}.Release|Any CPU.Build.0 = Release|Any CPU
	EndGlobalSection
	GlobalSection(SolutionProperties) = preSolution
		HideSolutionNode = FALSE
	EndGlobalSection
	GlobalSection(ExtensibilityGlobals) = postSolution
		SolutionGuid = {643E4D9B-B414-44D3-B928-77C57EFE31CE}
	EndGlobalSection
EndGlobal
