
Microsoft Visual Studio Solution File, Format Version 12.00
# Visual Studio Version 17
VisualStudioVersion = 17.0.32112.339
MinimumVisualStudioVersion = 10.0.40219.1
Project("{FAE04EC0-301F-11D3-BF4B-00C04F79EFBC}") = "MyCollections", "MyCollections\MyCollections.csproj", "{6DF0A67C-8054-4010-9B3C-15CB5A5E6C6B}"
EndProject
Project("{FAE04EC0-301F-11D3-BF4B-00C04F79EFBC}") = "MyCollectionTests", "MyCollectionTests\MyCollectionTests.csproj", "{F0BF33F5-ACFB-45AA-A2C7-189DEDBFE705}"
EndProject
Global
	GlobalSection(SolutionConfigurationPlatforms) = preSolution
		Debug|Any CPU = Debug|Any CPU
		Release|Any CPU = Release|Any CPU
	EndGlobalSection
	GlobalSection(ProjectConfigurationPlatforms) = postSolution
		{6DF0A67C-8054-4010-9B3C-15CB5A5E6C6B}.Debug|Any CPU.ActiveCfg = Debug|Any CPU
		{6DF0A67C-8054-4010-9B3C-15CB5A5E6C6B}.Debug|Any CPU.Build.0 = Debug|Any CPU
		{6DF0A67C-8054-4010-9B3C-15CB5A5E6C6B}.Release|Any CPU.ActiveCfg = Release|Any CPU
		{6DF0A67C-8054-4010-9B3C-15CB5A5E6C6B}.Release|Any CPU.Build.0 = Release|Any CPU
		{F0BF33F5-ACFB-45AA-A2C7-189DEDBFE705}.Debug|Any CPU.ActiveCfg = Debug|Any CPU
		{F0BF33F5-ACFB-45AA-A2C7-189DEDBFE705}.Debug|Any CPU.Build.0 = Debug|Any CPU
		{F0BF33F5-ACFB-45AA-A2C7-189DEDBFE705}.Release|Any CPU.ActiveCfg = Release|Any CPU
		{F0BF33F5-ACFB-45AA-A2C7-189DEDBFE705}.Release|Any CPU.Build.0 = Release|Any CPU
	EndGlobalSection
	GlobalSection(SolutionProperties) = preSolution
		HideSolutionNode = FALSE
	EndGlobalSection
	GlobalSection(ExtensibilityGlobals) = postSolution
		SolutionGuid = {C0D15C64-83F9-4495-B9AD-75AC992A3CCB}
	EndGlobalSection
EndGlobal
